
Microsoft Visual Studio Solution File, Format Version 12.00
# Visual Studio Version 16
VisualStudioVersion = 16.0.809.7
MinimumVisualStudioVersion = 10.0.40219.1
Project("{FAE04EC0-301F-11D3-BF4B-00C04F79EFBC}") = "MoreOrLessV1", "MoreOrLessV1\MoreOrLessV1.csproj", "{C1D22D8D-F590-482A-90CE-9E260936F971}"
EndProject
Global
	GlobalSection(SolutionConfigurationPlatforms) = preSolution
		Debug|Any CPU = Debug|Any CPU
		Release|Any CPU = Release|Any CPU
	EndGlobalSection
	GlobalSection(ProjectConfigurationPlatforms) = postSolution
		{C1D22D8D-F590-482A-90CE-9E260936F971}.Debug|Any CPU.ActiveCfg = Debug|Any CPU
		{C1D22D8D-F590-482A-90CE-9E260936F971}.Debug|Any CPU.Build.0 = Debug|Any CPU
		{C1D22D8D-F590-482A-90CE-9E260936F971}.Release|Any CPU.ActiveCfg = Release|Any CPU
		{C1D22D8D-F590-482A-90CE-9E260936F971}.Release|Any CPU.Build.0 = Release|Any CPU
	EndGlobalSection
	GlobalSection(SolutionProperties) = preSolution
		HideSolutionNode = FALSE
	EndGlobalSection
	GlobalSection(ExtensibilityGlobals) = postSolution
		SolutionGuid = {1CAFD9CA-0030-4501-AA22-BD5CC3A444BF}
	EndGlobalSection
EndGlobal
